
Microsoft Visual Studio Solution File, Format Version 12.00
# Visual Studio Version 17
VisualStudioVersion = 17.3.32901.215
MinimumVisualStudioVersion = 10.0.40219.1
Project("{9A19103F-16F7-4668-BE54-9A1E7A4F7556}") = "ProfitChartBotMLBased", "ProfitChartBotMLBased\ProfitChartBotMLBased.csproj", "{DC23A4D7-7446-4628-A7BA-2174C875132A}"
EndProject
Project("{9A19103F-16F7-4668-BE54-9A1E7A4F7556}") = "ProfitChartBotScanner", "ProfitChartBotScanner\ProfitChartBotScanner.csproj", "{29BEFD96-E869-4220-B6E2-868FE9627449}"
EndProject
Global
	GlobalSection(SolutionConfigurationPlatforms) = preSolution
		Debug|Any CPU = Debug|Any CPU
		Debug|x64 = Debug|x64
		Release|Any CPU = Release|Any CPU
		Release|x64 = Release|x64
	EndGlobalSection
	GlobalSection(ProjectConfigurationPlatforms) = postSolution
		{DC23A4D7-7446-4628-A7BA-2174C875132A}.Debug|Any CPU.ActiveCfg = Debug|Any CPU
		{DC23A4D7-7446-4628-A7BA-2174C875132A}.Debug|Any CPU.Build.0 = Debug|Any CPU
		{DC23A4D7-7446-4628-A7BA-2174C875132A}.Debug|x64.ActiveCfg = Debug|x64
		{DC23A4D7-7446-4628-A7BA-2174C875132A}.Debug|x64.Build.0 = Debug|x64
		{DC23A4D7-7446-4628-A7BA-2174C875132A}.Release|Any CPU.ActiveCfg = Release|Any CPU
		{DC23A4D7-7446-4628-A7BA-2174C875132A}.Release|Any CPU.Build.0 = Release|Any CPU
		{DC23A4D7-7446-4628-A7BA-2174C875132A}.Release|x64.ActiveCfg = Release|x64
		{DC23A4D7-7446-4628-A7BA-2174C875132A}.Release|x64.Build.0 = Release|x64
		{29BEFD96-E869-4220-B6E2-868FE9627449}.Debug|Any CPU.ActiveCfg = Debug|Any CPU
		{29BEFD96-E869-4220-B6E2-868FE9627449}.Debug|Any CPU.Build.0 = Debug|Any CPU
		{29BEFD96-E869-4220-B6E2-868FE9627449}.Debug|x64.ActiveCfg = Debug|x64
		{29BEFD96-E869-4220-B6E2-868FE9627449}.Debug|x64.Build.0 = Debug|x64
		{29BEFD96-E869-4220-B6E2-868FE9627449}.Release|Any CPU.ActiveCfg = Release|Any CPU
		{29BEFD96-E869-4220-B6E2-868FE9627449}.Release|Any CPU.Build.0 = Release|Any CPU
		{29BEFD96-E869-4220-B6E2-868FE9627449}.Release|x64.ActiveCfg = Release|x64
		{29BEFD96-E869-4220-B6E2-868FE9627449}.Release|x64.Build.0 = Release|x64
	EndGlobalSection
	GlobalSection(SolutionProperties) = preSolution
		HideSolutionNode = FALSE
	EndGlobalSection
	GlobalSection(ExtensibilityGlobals) = postSolution
		SolutionGuid = {ADCDB705-ABB1-43D3-9039-DF15460B99D3}
	EndGlobalSection
EndGlobal
